// !$*UTF8*$!
{
	archiveVersion = 1;
	classes = {
	};
	objectVersion = 56;
	objects = {

/* Begin PBXBuildFile section */
		1C10CC922A40356E00760713 /* CustomColors.swift in Sources */ = {isa = PBXBuildFile; fileRef = 1C10CC912A40356E00760713 /* CustomColors.swift */; };
		1C10CC952A40374900760713 /* PlusButton.swift in Sources */ = {isa = PBXBuildFile; fileRef = 1C10CC942A40374900760713 /* PlusButton.swift */; };
		1C10CC982A40378500760713 /* DetailViewController.swift in Sources */ = {isa = PBXBuildFile; fileRef = 1C10CC972A40378500760713 /* DetailViewController.swift */; };
		1C10CC9A2A40384700760713 /* TasksViewModel.swift in Sources */ = {isa = PBXBuildFile; fileRef = 1C10CC992A40384700760713 /* TasksViewModel.swift */; };
		1C10CC9E2A403ECE00760713 /* CustomTextView.swift in Sources */ = {isa = PBXBuildFile; fileRef = 1C10CC9D2A403ECE00760713 /* CustomTextView.swift */; };
		1C10CCA22A404FFF00760713 /* ImportanceHorizontalStack.swift in Sources */ = {isa = PBXBuildFile; fileRef = 1C10CCA12A404FFF00760713 /* ImportanceHorizontalStack.swift */; };
		1C10CCA42A40510600760713 /* CustomLabels.swift in Sources */ = {isa = PBXBuildFile; fileRef = 1C10CCA32A40510600760713 /* CustomLabels.swift */; };
		1C10CCA62A419D4100760713 /* DeadlineHorizontalStack.swift in Sources */ = {isa = PBXBuildFile; fileRef = 1C10CCA52A419D4100760713 /* DeadlineHorizontalStack.swift */; };
		1C10CCA82A41B84500760713 /* DetailVerticalStack.swift in Sources */ = {isa = PBXBuildFile; fileRef = 1C10CCA72A41B84500760713 /* DetailVerticalStack.swift */; };
		1C10CCAC2A42FB7500760713 /* CustomFonts.swift in Sources */ = {isa = PBXBuildFile; fileRef = 1C10CCAB2A42FB7500760713 /* CustomFonts.swift */; };
		1C10CCB02A434CA000760713 /* ContainerStack.swift in Sources */ = {isa = PBXBuildFile; fileRef = 1C10CCAF2A434CA000760713 /* ContainerStack.swift */; };
		1C1274082A3D293200E6C952 /* AppDelegate.swift in Sources */ = {isa = PBXBuildFile; fileRef = 1C1274072A3D293200E6C952 /* AppDelegate.swift */; };
		1C12740A2A3D293200E6C952 /* SceneDelegate.swift in Sources */ = {isa = PBXBuildFile; fileRef = 1C1274092A3D293200E6C952 /* SceneDelegate.swift */; };
		1C12740C2A3D293200E6C952 /* SplashViewController.swift in Sources */ = {isa = PBXBuildFile; fileRef = 1C12740B2A3D293200E6C952 /* SplashViewController.swift */; };
		1C12740F2A3D293200E6C952 /* Main.storyboard in Resources */ = {isa = PBXBuildFile; fileRef = 1C12740D2A3D293200E6C952 /* Main.storyboard */; };
		1C1274112A3D293400E6C952 /* Assets.xcassets in Resources */ = {isa = PBXBuildFile; fileRef = 1C1274102A3D293400E6C952 /* Assets.xcassets */; };
		1C1274142A3D293400E6C952 /* LaunchScreen.storyboard in Resources */ = {isa = PBXBuildFile; fileRef = 1C1274122A3D293400E6C952 /* LaunchScreen.storyboard */; };
		1C12741F2A3D293400E6C952 /* ios_todo_app_MatveyGarbuzovTests.swift in Sources */ = {isa = PBXBuildFile; fileRef = 1C12741E2A3D293400E6C952 /* ios_todo_app_MatveyGarbuzovTests.swift */; };
		1C1274292A3D293400E6C952 /* ios_todo_app_MatveyGarbuzovUITests.swift in Sources */ = {isa = PBXBuildFile; fileRef = 1C1274282A3D293400E6C952 /* ios_todo_app_MatveyGarbuzovUITests.swift */; };
		1C12742B2A3D293400E6C952 /* ios_todo_app_MatveyGarbuzovUITestsLaunchTests.swift in Sources */ = {isa = PBXBuildFile; fileRef = 1C12742A2A3D293400E6C952 /* ios_todo_app_MatveyGarbuzovUITestsLaunchTests.swift */; };
		1C12743D2A3D29D800E6C952 /* SnapKit in Frameworks */ = {isa = PBXBuildFile; productRef = 1C12743C2A3D29D800E6C952 /* SnapKit */; };
		1C1274402A3D2A4E00E6C952 /* ToDoListViewController.swift in Sources */ = {isa = PBXBuildFile; fileRef = 1C12743F2A3D2A4E00E6C952 /* ToDoListViewController.swift */; };
		1C1274422A3D2A5F00E6C952 /* Model.swift in Sources */ = {isa = PBXBuildFile; fileRef = 1C1274412A3D2A5F00E6C952 /* Model.swift */; };
		1C1274442A3D2A7000E6C952 /* ToDoCellModel.swift in Sources */ = {isa = PBXBuildFile; fileRef = 1C1274432A3D2A7000E6C952 /* ToDoCellModel.swift */; };
		1C1274462A3D2A8400E6C952 /* ToDoCell.swift in Sources */ = {isa = PBXBuildFile; fileRef = 1C1274452A3D2A8400E6C952 /* ToDoCell.swift */; };
		1C2271AA2A4C567E001A1CE3 /* DoneHStack.swift in Sources */ = {isa = PBXBuildFile; fileRef = 1C2271A92A4C567E001A1CE3 /* DoneHStack.swift */; };
		1C2271AC2A4C70A3001A1CE3 /* TableViewContainer.swift in Sources */ = {isa = PBXBuildFile; fileRef = 1C2271AB2A4C70A2001A1CE3 /* TableViewContainer.swift */; };
		1C2271AE2A4E187D001A1CE3 /* DetailViewModel.swift in Sources */ = {isa = PBXBuildFile; fileRef = 1C2271AD2A4E187D001A1CE3 /* DetailViewModel.swift */; };
		1C2271B12A4F989C001A1CE3 /* FileCache.swift in Sources */ = {isa = PBXBuildFile; fileRef = 1C2271B02A4F989C001A1CE3 /* FileCache.swift */; };
		1C2271B72A4FC21B001A1CE3 /* CocoaLumberjack in Frameworks */ = {isa = PBXBuildFile; productRef = 1C2271B62A4FC21B001A1CE3 /* CocoaLumberjack */; };
		1C2271B92A4FC21B001A1CE3 /* CocoaLumberjackSwift in Frameworks */ = {isa = PBXBuildFile; productRef = 1C2271B82A4FC21B001A1CE3 /* CocoaLumberjackSwift */; };
/* End PBXBuildFile section */

/* Begin PBXContainerItemProxy section */
		1C12741B2A3D293400E6C952 /* PBXContainerItemProxy */ = {
			isa = PBXContainerItemProxy;
			containerPortal = 1C1273FC2A3D293200E6C952 /* Project object */;
			proxyType = 1;
			remoteGlobalIDString = 1C1274032A3D293200E6C952;
			remoteInfo = "ios-todo-app-MatveyGarbuzov";
		};
		1C1274252A3D293400E6C952 /* PBXContainerItemProxy */ = {
			isa = PBXContainerItemProxy;
			containerPortal = 1C1273FC2A3D293200E6C952 /* Project object */;
			proxyType = 1;
			remoteGlobalIDString = 1C1274032A3D293200E6C952;
			remoteInfo = "ios-todo-app-MatveyGarbuzov";
		};
/* End PBXContainerItemProxy section */

/* Begin PBXFileReference section */
		1C10CC912A40356E00760713 /* CustomColors.swift */ = {isa = PBXFileReference; lastKnownFileType = sourcecode.swift; path = CustomColors.swift; sourceTree = "<group>"; };
		1C10CC942A40374900760713 /* PlusButton.swift */ = {isa = PBXFileReference; lastKnownFileType = sourcecode.swift; path = PlusButton.swift; sourceTree = "<group>"; };
		1C10CC972A40378500760713 /* DetailViewController.swift */ = {isa = PBXFileReference; lastKnownFileType = sourcecode.swift; path = DetailViewController.swift; sourceTree = "<group>"; };
		1C10CC992A40384700760713 /* TasksViewModel.swift */ = {isa = PBXFileReference; lastKnownFileType = sourcecode.swift; path = TasksViewModel.swift; sourceTree = "<group>"; };
		1C10CC9D2A403ECE00760713 /* CustomTextView.swift */ = {isa = PBXFileReference; lastKnownFileType = sourcecode.swift; path = CustomTextView.swift; sourceTree = "<group>"; };
		1C10CCA12A404FFF00760713 /* ImportanceHorizontalStack.swift */ = {isa = PBXFileReference; lastKnownFileType = sourcecode.swift; path = ImportanceHorizontalStack.swift; sourceTree = "<group>"; };
		1C10CCA32A40510600760713 /* CustomLabels.swift */ = {isa = PBXFileReference; lastKnownFileType = sourcecode.swift; path = CustomLabels.swift; sourceTree = "<group>"; };
		1C10CCA52A419D4100760713 /* DeadlineHorizontalStack.swift */ = {isa = PBXFileReference; lastKnownFileType = sourcecode.swift; path = DeadlineHorizontalStack.swift; sourceTree = "<group>"; };
		1C10CCA72A41B84500760713 /* DetailVerticalStack.swift */ = {isa = PBXFileReference; lastKnownFileType = sourcecode.swift; path = DetailVerticalStack.swift; sourceTree = "<group>"; };
		1C10CCAB2A42FB7500760713 /* CustomFonts.swift */ = {isa = PBXFileReference; lastKnownFileType = sourcecode.swift; path = CustomFonts.swift; sourceTree = "<group>"; };
		1C10CCAF2A434CA000760713 /* ContainerStack.swift */ = {isa = PBXFileReference; lastKnownFileType = sourcecode.swift; path = ContainerStack.swift; sourceTree = "<group>"; };
		1C1274042A3D293200E6C952 /* ios-todo-app-MatveyGarbuzov.app */ = {isa = PBXFileReference; explicitFileType = wrapper.application; includeInIndex = 0; path = "ios-todo-app-MatveyGarbuzov.app"; sourceTree = BUILT_PRODUCTS_DIR; };
		1C1274072A3D293200E6C952 /* AppDelegate.swift */ = {isa = PBXFileReference; lastKnownFileType = sourcecode.swift; path = AppDelegate.swift; sourceTree = "<group>"; };
		1C1274092A3D293200E6C952 /* SceneDelegate.swift */ = {isa = PBXFileReference; lastKnownFileType = sourcecode.swift; path = SceneDelegate.swift; sourceTree = "<group>"; };
		1C12740B2A3D293200E6C952 /* SplashViewController.swift */ = {isa = PBXFileReference; lastKnownFileType = sourcecode.swift; path = SplashViewController.swift; sourceTree = "<group>"; };
		1C12740E2A3D293200E6C952 /* Base */ = {isa = PBXFileReference; lastKnownFileType = file.storyboard; name = Base; path = Base.lproj/Main.storyboard; sourceTree = "<group>"; };
		1C1274102A3D293400E6C952 /* Assets.xcassets */ = {isa = PBXFileReference; lastKnownFileType = folder.assetcatalog; path = Assets.xcassets; sourceTree = "<group>"; };
		1C1274132A3D293400E6C952 /* Base */ = {isa = PBXFileReference; lastKnownFileType = file.storyboard; name = Base; path = Base.lproj/LaunchScreen.storyboard; sourceTree = "<group>"; };
		1C1274152A3D293400E6C952 /* Info.plist */ = {isa = PBXFileReference; lastKnownFileType = text.plist.xml; path = Info.plist; sourceTree = "<group>"; };
		1C12741A2A3D293400E6C952 /* ios-todo-app-MatveyGarbuzovTests.xctest */ = {isa = PBXFileReference; explicitFileType = wrapper.cfbundle; includeInIndex = 0; path = "ios-todo-app-MatveyGarbuzovTests.xctest"; sourceTree = BUILT_PRODUCTS_DIR; };
		1C12741E2A3D293400E6C952 /* ios_todo_app_MatveyGarbuzovTests.swift */ = {isa = PBXFileReference; lastKnownFileType = sourcecode.swift; path = ios_todo_app_MatveyGarbuzovTests.swift; sourceTree = "<group>"; };
		1C1274242A3D293400E6C952 /* ios-todo-app-MatveyGarbuzovUITests.xctest */ = {isa = PBXFileReference; explicitFileType = wrapper.cfbundle; includeInIndex = 0; path = "ios-todo-app-MatveyGarbuzovUITests.xctest"; sourceTree = BUILT_PRODUCTS_DIR; };
		1C1274282A3D293400E6C952 /* ios_todo_app_MatveyGarbuzovUITests.swift */ = {isa = PBXFileReference; lastKnownFileType = sourcecode.swift; path = ios_todo_app_MatveyGarbuzovUITests.swift; sourceTree = "<group>"; };
		1C12742A2A3D293400E6C952 /* ios_todo_app_MatveyGarbuzovUITestsLaunchTests.swift */ = {isa = PBXFileReference; lastKnownFileType = sourcecode.swift; path = ios_todo_app_MatveyGarbuzovUITestsLaunchTests.swift; sourceTree = "<group>"; };
		1C12743F2A3D2A4E00E6C952 /* ToDoListViewController.swift */ = {isa = PBXFileReference; lastKnownFileType = sourcecode.swift; path = ToDoListViewController.swift; sourceTree = "<group>"; };
		1C1274412A3D2A5F00E6C952 /* Model.swift */ = {isa = PBXFileReference; lastKnownFileType = sourcecode.swift; path = Model.swift; sourceTree = "<group>"; };
		1C1274432A3D2A7000E6C952 /* ToDoCellModel.swift */ = {isa = PBXFileReference; lastKnownFileType = sourcecode.swift; path = ToDoCellModel.swift; sourceTree = "<group>"; };
		1C1274452A3D2A8400E6C952 /* ToDoCell.swift */ = {isa = PBXFileReference; lastKnownFileType = sourcecode.swift; path = ToDoCell.swift; sourceTree = "<group>"; };
		1C2271A92A4C567E001A1CE3 /* DoneHStack.swift */ = {isa = PBXFileReference; lastKnownFileType = sourcecode.swift; path = DoneHStack.swift; sourceTree = "<group>"; };
		1C2271AB2A4C70A2001A1CE3 /* TableViewContainer.swift */ = {isa = PBXFileReference; lastKnownFileType = sourcecode.swift; path = TableViewContainer.swift; sourceTree = "<group>"; };
		1C2271AD2A4E187D001A1CE3 /* DetailViewModel.swift */ = {isa = PBXFileReference; lastKnownFileType = sourcecode.swift; path = DetailViewModel.swift; sourceTree = "<group>"; };
		1C2271B02A4F989C001A1CE3 /* FileCache.swift */ = {isa = PBXFileReference; lastKnownFileType = sourcecode.swift; path = FileCache.swift; sourceTree = "<group>"; };
/* End PBXFileReference section */

/* Begin PBXFrameworksBuildPhase section */
		1C1274012A3D293200E6C952 /* Frameworks */ = {
			isa = PBXFrameworksBuildPhase;
			buildActionMask = 2147483647;
			files = (
				1C2271B72A4FC21B001A1CE3 /* CocoaLumberjack in Frameworks */,
				1C12743D2A3D29D800E6C952 /* SnapKit in Frameworks */,
				1C2271B92A4FC21B001A1CE3 /* CocoaLumberjackSwift in Frameworks */,
			);
			runOnlyForDeploymentPostprocessing = 0;
		};
		1C1274172A3D293400E6C952 /* Frameworks */ = {
			isa = PBXFrameworksBuildPhase;
			buildActionMask = 2147483647;
			files = (
			);
			runOnlyForDeploymentPostprocessing = 0;
		};
		1C1274212A3D293400E6C952 /* Frameworks */ = {
			isa = PBXFrameworksBuildPhase;
			buildActionMask = 2147483647;
			files = (
			);
			runOnlyForDeploymentPostprocessing = 0;
		};
/* End PBXFrameworksBuildPhase section */

/* Begin PBXGroup section */
		1C10CC902A40355800760713 /* Extensions */ = {
			isa = PBXGroup;
			children = (
				1C10CC912A40356E00760713 /* CustomColors.swift */,
				1C10CCA32A40510600760713 /* CustomLabels.swift */,
				1C10CCAB2A42FB7500760713 /* CustomFonts.swift */,
			);
			path = Extensions;
			sourceTree = "<group>";
		};
		1C10CC932A40372900760713 /* Custom Views */ = {
			isa = PBXGroup;
			children = (
				1C10CCA02A404D7A00760713 /* Detail Screen */,
				1C10CC9F2A404D7000760713 /* Main Screen */,
			);
			path = "Custom Views";
			sourceTree = "<group>";
		};
		1C10CC962A40377300760713 /* Detail */ = {
			isa = PBXGroup;
			children = (
				1C10CC972A40378500760713 /* DetailViewController.swift */,
				1C2271AD2A4E187D001A1CE3 /* DetailViewModel.swift */,
			);
			path = Detail;
			sourceTree = "<group>";
		};
		1C10CC9F2A404D7000760713 /* Main Screen */ = {
			isa = PBXGroup;
			children = (
				1C10CC942A40374900760713 /* PlusButton.swift */,
				1C2271A92A4C567E001A1CE3 /* DoneHStack.swift */,
				1C2271AB2A4C70A2001A1CE3 /* TableViewContainer.swift */,
			);
			path = "Main Screen";
			sourceTree = "<group>";
		};
		1C10CCA02A404D7A00760713 /* Detail Screen */ = {
			isa = PBXGroup;
			children = (
				1C10CCAF2A434CA000760713 /* ContainerStack.swift */,
				1C10CC9D2A403ECE00760713 /* CustomTextView.swift */,
				1C10CCA12A404FFF00760713 /* ImportanceHorizontalStack.swift */,
				1C10CCA52A419D4100760713 /* DeadlineHorizontalStack.swift */,
				1C10CCA72A41B84500760713 /* DetailVerticalStack.swift */,
			);
			path = "Detail Screen";
			sourceTree = "<group>";
		};
		1C1273FB2A3D293200E6C952 = {
			isa = PBXGroup;
			children = (
				1C1274062A3D293200E6C952 /* ios-todo-app-MatveyGarbuzov */,
				1C12741D2A3D293400E6C952 /* ios-todo-app-MatveyGarbuzovTests */,
				1C1274272A3D293400E6C952 /* ios-todo-app-MatveyGarbuzovUITests */,
				1C1274052A3D293200E6C952 /* Products */,
			);
			sourceTree = "<group>";
		};
		1C1274052A3D293200E6C952 /* Products */ = {
			isa = PBXGroup;
			children = (
				1C1274042A3D293200E6C952 /* ios-todo-app-MatveyGarbuzov.app */,
				1C12741A2A3D293400E6C952 /* ios-todo-app-MatveyGarbuzovTests.xctest */,
				1C1274242A3D293400E6C952 /* ios-todo-app-MatveyGarbuzovUITests.xctest */,
			);
			name = Products;
			sourceTree = "<group>";
		};
		1C1274062A3D293200E6C952 /* ios-todo-app-MatveyGarbuzov */ = {
			isa = PBXGroup;
			children = (
				1C2271AF2A4F9891001A1CE3 /* Services */,
				1C1274392A3D294E00E6C952 /* App */,
				1C1274382A3D294600E6C952 /* Screens */,
				1C10CC932A40372900760713 /* Custom Views */,
				1C1274372A3D293900E6C952 /* Sources */,
				1C10CC902A40355800760713 /* Extensions */,
			);
			path = "ios-todo-app-MatveyGarbuzov";
			sourceTree = "<group>";
		};
		1C12741D2A3D293400E6C952 /* ios-todo-app-MatveyGarbuzovTests */ = {
			isa = PBXGroup;
			children = (
				1C12741E2A3D293400E6C952 /* ios_todo_app_MatveyGarbuzovTests.swift */,
			);
			path = "ios-todo-app-MatveyGarbuzovTests";
			sourceTree = "<group>";
		};
		1C1274272A3D293400E6C952 /* ios-todo-app-MatveyGarbuzovUITests */ = {
			isa = PBXGroup;
			children = (
				1C1274282A3D293400E6C952 /* ios_todo_app_MatveyGarbuzovUITests.swift */,
				1C12742A2A3D293400E6C952 /* ios_todo_app_MatveyGarbuzovUITestsLaunchTests.swift */,
			);
			path = "ios-todo-app-MatveyGarbuzovUITests";
			sourceTree = "<group>";
		};
		1C1274372A3D293900E6C952 /* Sources */ = {
			isa = PBXGroup;
			children = (
				1C12740D2A3D293200E6C952 /* Main.storyboard */,
				1C1274102A3D293400E6C952 /* Assets.xcassets */,
				1C1274122A3D293400E6C952 /* LaunchScreen.storyboard */,
				1C1274152A3D293400E6C952 /* Info.plist */,
			);
			path = Sources;
			sourceTree = "<group>";
		};
		1C1274382A3D294600E6C952 /* Screens */ = {
			isa = PBXGroup;
			children = (
				1C10CC962A40377300760713 /* Detail */,
				1C12743E2A3D2A4000E6C952 /* Main */,
				1C12743A2A3D298A00E6C952 /* Splash */,
			);
			path = Screens;
			sourceTree = "<group>";
		};
		1C1274392A3D294E00E6C952 /* App */ = {
			isa = PBXGroup;
			children = (
				1C1274072A3D293200E6C952 /* AppDelegate.swift */,
				1C1274092A3D293200E6C952 /* SceneDelegate.swift */,
			);
			path = App;
			sourceTree = "<group>";
		};
		1C12743A2A3D298A00E6C952 /* Splash */ = {
			isa = PBXGroup;
			children = (
				1C12740B2A3D293200E6C952 /* SplashViewController.swift */,
			);
			path = Splash;
			sourceTree = "<group>";
		};
		1C12743E2A3D2A4000E6C952 /* Main */ = {
			isa = PBXGroup;
			children = (
				1C12743F2A3D2A4E00E6C952 /* ToDoListViewController.swift */,
				1C1274412A3D2A5F00E6C952 /* Model.swift */,
				1C1274432A3D2A7000E6C952 /* ToDoCellModel.swift */,
				1C1274452A3D2A8400E6C952 /* ToDoCell.swift */,
				1C10CC992A40384700760713 /* TasksViewModel.swift */,
			);
			path = Main;
			sourceTree = "<group>";
		};
		1C2271AF2A4F9891001A1CE3 /* Services */ = {
			isa = PBXGroup;
			children = (
				1C2271B02A4F989C001A1CE3 /* FileCache.swift */,
			);
			path = Services;
			sourceTree = "<group>";
		};
/* End PBXGroup section */

/* Begin PBXNativeTarget section */
		1C1274032A3D293200E6C952 /* ios-todo-app-MatveyGarbuzov */ = {
			isa = PBXNativeTarget;
			buildConfigurationList = 1C12742E2A3D293400E6C952 /* Build configuration list for PBXNativeTarget "ios-todo-app-MatveyGarbuzov" */;
			buildPhases = (
				1C1274002A3D293200E6C952 /* Sources */,
				1C1274012A3D293200E6C952 /* Frameworks */,
				1C1274022A3D293200E6C952 /* Resources */,
			);
			buildRules = (
			);
			dependencies = (
			);
			name = "ios-todo-app-MatveyGarbuzov";
			packageProductDependencies = (
				1C12743C2A3D29D800E6C952 /* SnapKit */,
				1C2271B62A4FC21B001A1CE3 /* CocoaLumberjack */,
				1C2271B82A4FC21B001A1CE3 /* CocoaLumberjackSwift */,
			);
			productName = "ios-todo-app-MatveyGarbuzov";
			productReference = 1C1274042A3D293200E6C952 /* ios-todo-app-MatveyGarbuzov.app */;
			productType = "com.apple.product-type.application";
		};
		1C1274192A3D293400E6C952 /* ios-todo-app-MatveyGarbuzovTests */ = {
			isa = PBXNativeTarget;
			buildConfigurationList = 1C1274312A3D293400E6C952 /* Build configuration list for PBXNativeTarget "ios-todo-app-MatveyGarbuzovTests" */;
			buildPhases = (
				1C1274162A3D293400E6C952 /* Sources */,
				1C1274172A3D293400E6C952 /* Frameworks */,
				1C1274182A3D293400E6C952 /* Resources */,
			);
			buildRules = (
			);
			dependencies = (
				1C12741C2A3D293400E6C952 /* PBXTargetDependency */,
			);
			name = "ios-todo-app-MatveyGarbuzovTests";
			productName = "ios-todo-app-MatveyGarbuzovTests";
			productReference = 1C12741A2A3D293400E6C952 /* ios-todo-app-MatveyGarbuzovTests.xctest */;
			productType = "com.apple.product-type.bundle.unit-test";
		};
		1C1274232A3D293400E6C952 /* ios-todo-app-MatveyGarbuzovUITests */ = {
			isa = PBXNativeTarget;
			buildConfigurationList = 1C1274342A3D293400E6C952 /* Build configuration list for PBXNativeTarget "ios-todo-app-MatveyGarbuzovUITests" */;
			buildPhases = (
				1C1274202A3D293400E6C952 /* Sources */,
				1C1274212A3D293400E6C952 /* Frameworks */,
				1C1274222A3D293400E6C952 /* Resources */,
			);
			buildRules = (
			);
			dependencies = (
				1C1274262A3D293400E6C952 /* PBXTargetDependency */,
			);
			name = "ios-todo-app-MatveyGarbuzovUITests";
			productName = "ios-todo-app-MatveyGarbuzovUITests";
			productReference = 1C1274242A3D293400E6C952 /* ios-todo-app-MatveyGarbuzovUITests.xctest */;
			productType = "com.apple.product-type.bundle.ui-testing";
		};
/* End PBXNativeTarget section */

/* Begin PBXProject section */
		1C1273FC2A3D293200E6C952 /* Project object */ = {
			isa = PBXProject;
			attributes = {
				BuildIndependentTargetsInParallel = 1;
				LastSwiftUpdateCheck = 1410;
				LastUpgradeCheck = 1410;
				TargetAttributes = {
					1C1274032A3D293200E6C952 = {
						CreatedOnToolsVersion = 14.1;
					};
					1C1274192A3D293400E6C952 = {
						CreatedOnToolsVersion = 14.1;
						TestTargetID = 1C1274032A3D293200E6C952;
					};
					1C1274232A3D293400E6C952 = {
						CreatedOnToolsVersion = 14.1;
						TestTargetID = 1C1274032A3D293200E6C952;
					};
				};
			};
			buildConfigurationList = 1C1273FF2A3D293200E6C952 /* Build configuration list for PBXProject "ios-todo-app-MatveyGarbuzov" */;
			compatibilityVersion = "Xcode 14.0";
			developmentRegion = en;
			hasScannedForEncodings = 0;
			knownRegions = (
				en,
				Base,
			);
			mainGroup = 1C1273FB2A3D293200E6C952;
			packageReferences = (
				1C12743B2A3D29D800E6C952 /* XCRemoteSwiftPackageReference "SnapKit" */,
				1C2271B52A4FC21B001A1CE3 /* XCRemoteSwiftPackageReference "CocoaLumberjack" */,
			);
			productRefGroup = 1C1274052A3D293200E6C952 /* Products */;
			projectDirPath = "";
			projectRoot = "";
			targets = (
				1C1274032A3D293200E6C952 /* ios-todo-app-MatveyGarbuzov */,
				1C1274192A3D293400E6C952 /* ios-todo-app-MatveyGarbuzovTests */,
				1C1274232A3D293400E6C952 /* ios-todo-app-MatveyGarbuzovUITests */,
			);
		};
/* End PBXProject section */

/* Begin PBXResourcesBuildPhase section */
		1C1274022A3D293200E6C952 /* Resources */ = {
			isa = PBXResourcesBuildPhase;
			buildActionMask = 2147483647;
			files = (
				1C1274142A3D293400E6C952 /* LaunchScreen.storyboard in Resources */,
				1C1274112A3D293400E6C952 /* Assets.xcassets in Resources */,
				1C12740F2A3D293200E6C952 /* Main.storyboard in Resources */,
			);
			runOnlyForDeploymentPostprocessing = 0;
		};
		1C1274182A3D293400E6C952 /* Resources */ = {
			isa = PBXResourcesBuildPhase;
			buildActionMask = 2147483647;
			files = (
			);
			runOnlyForDeploymentPostprocessing = 0;
		};
		1C1274222A3D293400E6C952 /* Resources */ = {
			isa = PBXResourcesBuildPhase;
			buildActionMask = 2147483647;
			files = (
			);
			runOnlyForDeploymentPostprocessing = 0;
		};
/* End PBXResourcesBuildPhase section */

/* Begin PBXSourcesBuildPhase section */
		1C1274002A3D293200E6C952 /* Sources */ = {
			isa = PBXSourcesBuildPhase;
			buildActionMask = 2147483647;
			files = (
				1C1274422A3D2A5F00E6C952 /* Model.swift in Sources */,
				1C2271AC2A4C70A3001A1CE3 /* TableViewContainer.swift in Sources */,
				1C12740C2A3D293200E6C952 /* SplashViewController.swift in Sources */,
				1C10CC9E2A403ECE00760713 /* CustomTextView.swift in Sources */,
				1C10CC922A40356E00760713 /* CustomColors.swift in Sources */,
				1C1274462A3D2A8400E6C952 /* ToDoCell.swift in Sources */,
				1C10CCB02A434CA000760713 /* ContainerStack.swift in Sources */,
				1C1274082A3D293200E6C952 /* AppDelegate.swift in Sources */,
				1C1274402A3D2A4E00E6C952 /* ToDoListViewController.swift in Sources */,
				1C10CCA82A41B84500760713 /* DetailVerticalStack.swift in Sources */,
				1C12740A2A3D293200E6C952 /* SceneDelegate.swift in Sources */,
				1C10CC982A40378500760713 /* DetailViewController.swift in Sources */,
				1C10CCAC2A42FB7500760713 /* CustomFonts.swift in Sources */,
				1C10CCA42A40510600760713 /* CustomLabels.swift in Sources */,
				1C2271B12A4F989C001A1CE3 /* FileCache.swift in Sources */,
				1C10CCA22A404FFF00760713 /* ImportanceHorizontalStack.swift in Sources */,
				1C1274442A3D2A7000E6C952 /* ToDoCellModel.swift in Sources */,
				1C2271AE2A4E187D001A1CE3 /* DetailViewModel.swift in Sources */,
				1C10CC952A40374900760713 /* PlusButton.swift in Sources */,
				1C10CC9A2A40384700760713 /* TasksViewModel.swift in Sources */,
				1C10CCA62A419D4100760713 /* DeadlineHorizontalStack.swift in Sources */,
				1C2271AA2A4C567E001A1CE3 /* DoneHStack.swift in Sources */,
			);
			runOnlyForDeploymentPostprocessing = 0;
		};
		1C1274162A3D293400E6C952 /* Sources */ = {
			isa = PBXSourcesBuildPhase;
			buildActionMask = 2147483647;
			files = (
				1C12741F2A3D293400E6C952 /* ios_todo_app_MatveyGarbuzovTests.swift in Sources */,
			);
			runOnlyForDeploymentPostprocessing = 0;
		};
		1C1274202A3D293400E6C952 /* Sources */ = {
			isa = PBXSourcesBuildPhase;
			buildActionMask = 2147483647;
			files = (
				1C12742B2A3D293400E6C952 /* ios_todo_app_MatveyGarbuzovUITestsLaunchTests.swift in Sources */,
				1C1274292A3D293400E6C952 /* ios_todo_app_MatveyGarbuzovUITests.swift in Sources */,
			);
			runOnlyForDeploymentPostprocessing = 0;
		};
/* End PBXSourcesBuildPhase section */

/* Begin PBXTargetDependency section */
		1C12741C2A3D293400E6C952 /* PBXTargetDependency */ = {
			isa = PBXTargetDependency;
			target = 1C1274032A3D293200E6C952 /* ios-todo-app-MatveyGarbuzov */;
			targetProxy = 1C12741B2A3D293400E6C952 /* PBXContainerItemProxy */;
		};
		1C1274262A3D293400E6C952 /* PBXTargetDependency */ = {
			isa = PBXTargetDependency;
			target = 1C1274032A3D293200E6C952 /* ios-todo-app-MatveyGarbuzov */;
			targetProxy = 1C1274252A3D293400E6C952 /* PBXContainerItemProxy */;
		};
/* End PBXTargetDependency section */

/* Begin PBXVariantGroup section */
		1C12740D2A3D293200E6C952 /* Main.storyboard */ = {
			isa = PBXVariantGroup;
			children = (
				1C12740E2A3D293200E6C952 /* Base */,
			);
			name = Main.storyboard;
			sourceTree = "<group>";
		};
		1C1274122A3D293400E6C952 /* LaunchScreen.storyboard */ = {
			isa = PBXVariantGroup;
			children = (
				1C1274132A3D293400E6C952 /* Base */,
			);
			name = LaunchScreen.storyboard;
			sourceTree = "<group>";
		};
/* End PBXVariantGroup section */

/* Begin XCBuildConfiguration section */
		1C12742C2A3D293400E6C952 /* Debug */ = {
			isa = XCBuildConfiguration;
			buildSettings = {
				ALWAYS_SEARCH_USER_PATHS = NO;
				CLANG_ANALYZER_NONNULL = YES;
				CLANG_ANALYZER_NUMBER_OBJECT_CONVERSION = YES_AGGRESSIVE;
				CLANG_CXX_LANGUAGE_STANDARD = "gnu++20";
				CLANG_ENABLE_MODULES = YES;
				CLANG_ENABLE_OBJC_ARC = YES;
				CLANG_ENABLE_OBJC_WEAK = YES;
				CLANG_WARN_BLOCK_CAPTURE_AUTORELEASING = YES;
				CLANG_WARN_BOOL_CONVERSION = YES;
				CLANG_WARN_COMMA = YES;
				CLANG_WARN_CONSTANT_CONVERSION = YES;
				CLANG_WARN_DEPRECATED_OBJC_IMPLEMENTATIONS = YES;
				CLANG_WARN_DIRECT_OBJC_ISA_USAGE = YES_ERROR;
				CLANG_WARN_DOCUMENTATION_COMMENTS = YES;
				CLANG_WARN_EMPTY_BODY = YES;
				CLANG_WARN_ENUM_CONVERSION = YES;
				CLANG_WARN_INFINITE_RECURSION = YES;
				CLANG_WARN_INT_CONVERSION = YES;
				CLANG_WARN_NON_LITERAL_NULL_CONVERSION = YES;
				CLANG_WARN_OBJC_IMPLICIT_RETAIN_SELF = YES;
				CLANG_WARN_OBJC_LITERAL_CONVERSION = YES;
				CLANG_WARN_OBJC_ROOT_CLASS = YES_ERROR;
				CLANG_WARN_QUOTED_INCLUDE_IN_FRAMEWORK_HEADER = YES;
				CLANG_WARN_RANGE_LOOP_ANALYSIS = YES;
				CLANG_WARN_STRICT_PROTOTYPES = YES;
				CLANG_WARN_SUSPICIOUS_MOVE = YES;
				CLANG_WARN_UNGUARDED_AVAILABILITY = YES_AGGRESSIVE;
				CLANG_WARN_UNREACHABLE_CODE = YES;
				CLANG_WARN__DUPLICATE_METHOD_MATCH = YES;
				COPY_PHASE_STRIP = NO;
				DEBUG_INFORMATION_FORMAT = dwarf;
				ENABLE_STRICT_OBJC_MSGSEND = YES;
				ENABLE_TESTABILITY = YES;
				GCC_C_LANGUAGE_STANDARD = gnu11;
				GCC_DYNAMIC_NO_PIC = NO;
				GCC_NO_COMMON_BLOCKS = YES;
				GCC_OPTIMIZATION_LEVEL = 0;
				GCC_PREPROCESSOR_DEFINITIONS = (
					"DEBUG=1",
					"$(inherited)",
				);
				GCC_WARN_64_TO_32_BIT_CONVERSION = YES;
				GCC_WARN_ABOUT_RETURN_TYPE = YES_ERROR;
				GCC_WARN_UNDECLARED_SELECTOR = YES;
				GCC_WARN_UNINITIALIZED_AUTOS = YES_AGGRESSIVE;
				GCC_WARN_UNUSED_FUNCTION = YES;
				GCC_WARN_UNUSED_VARIABLE = YES;
				IPHONEOS_DEPLOYMENT_TARGET = 16.1;
				MTL_ENABLE_DEBUG_INFO = INCLUDE_SOURCE;
				MTL_FAST_MATH = YES;
				ONLY_ACTIVE_ARCH = YES;
				SDKROOT = iphoneos;
				SWIFT_ACTIVE_COMPILATION_CONDITIONS = DEBUG;
				SWIFT_OPTIMIZATION_LEVEL = "-Onone";
			};
			name = Debug;
		};
		1C12742D2A3D293400E6C952 /* Release */ = {
			isa = XCBuildConfiguration;
			buildSettings = {
				ALWAYS_SEARCH_USER_PATHS = NO;
				CLANG_ANALYZER_NONNULL = YES;
				CLANG_ANALYZER_NUMBER_OBJECT_CONVERSION = YES_AGGRESSIVE;
				CLANG_CXX_LANGUAGE_STANDARD = "gnu++20";
				CLANG_ENABLE_MODULES = YES;
				CLANG_ENABLE_OBJC_ARC = YES;
				CLANG_ENABLE_OBJC_WEAK = YES;
				CLANG_WARN_BLOCK_CAPTURE_AUTORELEASING = YES;
				CLANG_WARN_BOOL_CONVERSION = YES;
				CLANG_WARN_COMMA = YES;
				CLANG_WARN_CONSTANT_CONVERSION = YES;
				CLANG_WARN_DEPRECATED_OBJC_IMPLEMENTATIONS = YES;
				CLANG_WARN_DIRECT_OBJC_ISA_USAGE = YES_ERROR;
				CLANG_WARN_DOCUMENTATION_COMMENTS = YES;
				CLANG_WARN_EMPTY_BODY = YES;
				CLANG_WARN_ENUM_CONVERSION = YES;
				CLANG_WARN_INFINITE_RECURSION = YES;
				CLANG_WARN_INT_CONVERSION = YES;
				CLANG_WARN_NON_LITERAL_NULL_CONVERSION = YES;
				CLANG_WARN_OBJC_IMPLICIT_RETAIN_SELF = YES;
				CLANG_WARN_OBJC_LITERAL_CONVERSION = YES;
				CLANG_WARN_OBJC_ROOT_CLASS = YES_ERROR;
				CLANG_WARN_QUOTED_INCLUDE_IN_FRAMEWORK_HEADER = YES;
				CLANG_WARN_RANGE_LOOP_ANALYSIS = YES;
				CLANG_WARN_STRICT_PROTOTYPES = YES;
				CLANG_WARN_SUSPICIOUS_MOVE = YES;
				CLANG_WARN_UNGUARDED_AVAILABILITY = YES_AGGRESSIVE;
				CLANG_WARN_UNREACHABLE_CODE = YES;
				CLANG_WARN__DUPLICATE_METHOD_MATCH = YES;
				COPY_PHASE_STRIP = NO;
				DEBUG_INFORMATION_FORMAT = "dwarf-with-dsym";
				ENABLE_NS_ASSERTIONS = NO;
				ENABLE_STRICT_OBJC_MSGSEND = YES;
				GCC_C_LANGUAGE_STANDARD = gnu11;
				GCC_NO_COMMON_BLOCKS = YES;
				GCC_WARN_64_TO_32_BIT_CONVERSION = YES;
				GCC_WARN_ABOUT_RETURN_TYPE = YES_ERROR;
				GCC_WARN_UNDECLARED_SELECTOR = YES;
				GCC_WARN_UNINITIALIZED_AUTOS = YES_AGGRESSIVE;
				GCC_WARN_UNUSED_FUNCTION = YES;
				GCC_WARN_UNUSED_VARIABLE = YES;
				IPHONEOS_DEPLOYMENT_TARGET = 16.1;
				MTL_ENABLE_DEBUG_INFO = NO;
				MTL_FAST_MATH = YES;
				SDKROOT = iphoneos;
				SWIFT_COMPILATION_MODE = wholemodule;
				SWIFT_OPTIMIZATION_LEVEL = "-O";
				VALIDATE_PRODUCT = YES;
			};
			name = Release;
		};
		1C12742F2A3D293400E6C952 /* Debug */ = {
			isa = XCBuildConfiguration;
			buildSettings = {
				ASSETCATALOG_COMPILER_APPICON_NAME = AppIcon;
				ASSETCATALOG_COMPILER_GLOBAL_ACCENT_COLOR_NAME = AccentColor;
				CODE_SIGN_STYLE = Automatic;
				CURRENT_PROJECT_VERSION = 1;
				DEVELOPMENT_TEAM = 9W967NS2C7;
				GENERATE_INFOPLIST_FILE = YES;
				INFOPLIST_FILE = "ios-todo-app-MatveyGarbuzov/Sources/Info.plist";
				INFOPLIST_KEY_UIApplicationSupportsIndirectInputEvents = YES;
				INFOPLIST_KEY_UILaunchStoryboardName = LaunchScreen;
				INFOPLIST_KEY_UIMainStoryboardFile = Main;
				INFOPLIST_KEY_UISupportedInterfaceOrientations_iPad = "UIInterfaceOrientationPortrait UIInterfaceOrientationPortraitUpsideDown UIInterfaceOrientationLandscapeLeft UIInterfaceOrientationLandscapeRight";
				INFOPLIST_KEY_UISupportedInterfaceOrientations_iPhone = "UIInterfaceOrientationPortrait UIInterfaceOrientationLandscapeLeft UIInterfaceOrientationLandscapeRight";
				IPHONEOS_DEPLOYMENT_TARGET = 16.1;
				LD_RUNPATH_SEARCH_PATHS = (
					"$(inherited)",
					"@executable_path/Frameworks",
				);
				MARKETING_VERSION = 1.0;
				PRODUCT_BUNDLE_IDENTIFIER = "Matvey.ios-todo-app-MatveyGarbuzov";
				PRODUCT_NAME = "$(TARGET_NAME)";
				SWIFT_EMIT_LOC_STRINGS = YES;
				SWIFT_VERSION = 5.0;
				TARGETED_DEVICE_FAMILY = "1,2";
			};
			name = Debug;
		};
		1C1274302A3D293400E6C952 /* Release */ = {
			isa = XCBuildConfiguration;
			buildSettings = {
				ASSETCATALOG_COMPILER_APPICON_NAME = AppIcon;
				ASSETCATALOG_COMPILER_GLOBAL_ACCENT_COLOR_NAME = AccentColor;
				CODE_SIGN_STYLE = Automatic;
				CURRENT_PROJECT_VERSION = 1;
				DEVELOPMENT_TEAM = 9W967NS2C7;
				GENERATE_INFOPLIST_FILE = YES;
				INFOPLIST_FILE = "ios-todo-app-MatveyGarbuzov/Sources/Info.plist";
				INFOPLIST_KEY_UIApplicationSupportsIndirectInputEvents = YES;
				INFOPLIST_KEY_UILaunchStoryboardName = LaunchScreen;
				INFOPLIST_KEY_UIMainStoryboardFile = Main;
				INFOPLIST_KEY_UISupportedInterfaceOrientations_iPad = "UIInterfaceOrientationPortrait UIInterfaceOrientationPortraitUpsideDown UIInterfaceOrientationLandscapeLeft UIInterfaceOrientationLandscapeRight";
				INFOPLIST_KEY_UISupportedInterfaceOrientations_iPhone = "UIInterfaceOrientationPortrait UIInterfaceOrientationLandscapeLeft UIInterfaceOrientationLandscapeRight";
				IPHONEOS_DEPLOYMENT_TARGET = 16.1;
				LD_RUNPATH_SEARCH_PATHS = (
					"$(inherited)",
					"@executable_path/Frameworks",
				);
				MARKETING_VERSION = 1.0;
				PRODUCT_BUNDLE_IDENTIFIER = "Matvey.ios-todo-app-MatveyGarbuzov";
				PRODUCT_NAME = "$(TARGET_NAME)";
				SWIFT_EMIT_LOC_STRINGS = YES;
				SWIFT_VERSION = 5.0;
				TARGETED_DEVICE_FAMILY = "1,2";
			};
			name = Release;
		};
		1C1274322A3D293400E6C952 /* Debug */ = {
			isa = XCBuildConfiguration;
			buildSettings = {
				ALWAYS_EMBED_SWIFT_STANDARD_LIBRARIES = YES;
				BUNDLE_LOADER = "$(TEST_HOST)";
				CODE_SIGN_STYLE = Automatic;
				CURRENT_PROJECT_VERSION = 1;
				DEVELOPMENT_TEAM = 9W967NS2C7;
				GENERATE_INFOPLIST_FILE = YES;
				IPHONEOS_DEPLOYMENT_TARGET = 16.1;
				MARKETING_VERSION = 1.0;
				PRODUCT_BUNDLE_IDENTIFIER = "Matvey.ios-todo-app-MatveyGarbuzovTests";
				PRODUCT_NAME = "$(TARGET_NAME)";
				SWIFT_EMIT_LOC_STRINGS = NO;
				SWIFT_VERSION = 5.0;
				TARGETED_DEVICE_FAMILY = "1,2";
				TEST_HOST = "$(BUILT_PRODUCTS_DIR)/ios-todo-app-MatveyGarbuzov.app/$(BUNDLE_EXECUTABLE_FOLDER_PATH)/ios-todo-app-MatveyGarbuzov";
			};
			name = Debug;
		};
		1C1274332A3D293400E6C952 /* Release */ = {
			isa = XCBuildConfiguration;
			buildSettings = {
				ALWAYS_EMBED_SWIFT_STANDARD_LIBRARIES = YES;
				BUNDLE_LOADER = "$(TEST_HOST)";
				CODE_SIGN_STYLE = Automatic;
				CURRENT_PROJECT_VERSION = 1;
				DEVELOPMENT_TEAM = 9W967NS2C7;
				GENERATE_INFOPLIST_FILE = YES;
				IPHONEOS_DEPLOYMENT_TARGET = 16.1;
				MARKETING_VERSION = 1.0;
				PRODUCT_BUNDLE_IDENTIFIER = "Matvey.ios-todo-app-MatveyGarbuzovTests";
				PRODUCT_NAME = "$(TARGET_NAME)";
				SWIFT_EMIT_LOC_STRINGS = NO;
				SWIFT_VERSION = 5.0;
				TARGETED_DEVICE_FAMILY = "1,2";
				TEST_HOST = "$(BUILT_PRODUCTS_DIR)/ios-todo-app-MatveyGarbuzov.app/$(BUNDLE_EXECUTABLE_FOLDER_PATH)/ios-todo-app-MatveyGarbuzov";
			};
			name = Release;
		};
		1C1274352A3D293400E6C952 /* Debug */ = {
			isa = XCBuildConfiguration;
			buildSettings = {
				ALWAYS_EMBED_SWIFT_STANDARD_LIBRARIES = YES;
				CODE_SIGN_STYLE = Automatic;
				CURRENT_PROJECT_VERSION = 1;
				DEVELOPMENT_TEAM = 9W967NS2C7;
				GENERATE_INFOPLIST_FILE = YES;
				MARKETING_VERSION = 1.0;
				PRODUCT_BUNDLE_IDENTIFIER = "Matvey.ios-todo-app-MatveyGarbuzovUITests";
				PRODUCT_NAME = "$(TARGET_NAME)";
				SWIFT_EMIT_LOC_STRINGS = NO;
				SWIFT_VERSION = 5.0;
				TARGETED_DEVICE_FAMILY = "1,2";
				TEST_TARGET_NAME = "ios-todo-app-MatveyGarbuzov";
			};
			name = Debug;
		};
		1C1274362A3D293400E6C952 /* Release */ = {
			isa = XCBuildConfiguration;
			buildSettings = {
				ALWAYS_EMBED_SWIFT_STANDARD_LIBRARIES = YES;
				CODE_SIGN_STYLE = Automatic;
				CURRENT_PROJECT_VERSION = 1;
				DEVELOPMENT_TEAM = 9W967NS2C7;
				GENERATE_INFOPLIST_FILE = YES;
				MARKETING_VERSION = 1.0;
				PRODUCT_BUNDLE_IDENTIFIER = "Matvey.ios-todo-app-MatveyGarbuzovUITests";
				PRODUCT_NAME = "$(TARGET_NAME)";
				SWIFT_EMIT_LOC_STRINGS = NO;
				SWIFT_VERSION = 5.0;
				TARGETED_DEVICE_FAMILY = "1,2";
				TEST_TARGET_NAME = "ios-todo-app-MatveyGarbuzov";
			};
			name = Release;
		};
/* End XCBuildConfiguration section */

/* Begin XCConfigurationList section */
		1C1273FF2A3D293200E6C952 /* Build configuration list for PBXProject "ios-todo-app-MatveyGarbuzov" */ = {
			isa = XCConfigurationList;
			buildConfigurations = (
				1C12742C2A3D293400E6C952 /* Debug */,
				1C12742D2A3D293400E6C952 /* Release */,
			);
			defaultConfigurationIsVisible = 0;
			defaultConfigurationName = Release;
		};
		1C12742E2A3D293400E6C952 /* Build configuration list for PBXNativeTarget "ios-todo-app-MatveyGarbuzov" */ = {
			isa = XCConfigurationList;
			buildConfigurations = (
				1C12742F2A3D293400E6C952 /* Debug */,
				1C1274302A3D293400E6C952 /* Release */,
			);
			defaultConfigurationIsVisible = 0;
			defaultConfigurationName = Release;
		};
		1C1274312A3D293400E6C952 /* Build configuration list for PBXNativeTarget "ios-todo-app-MatveyGarbuzovTests" */ = {
			isa = XCConfigurationList;
			buildConfigurations = (
				1C1274322A3D293400E6C952 /* Debug */,
				1C1274332A3D293400E6C952 /* Release */,
			);
			defaultConfigurationIsVisible = 0;
			defaultConfigurationName = Release;
		};
		1C1274342A3D293400E6C952 /* Build configuration list for PBXNativeTarget "ios-todo-app-MatveyGarbuzovUITests" */ = {
			isa = XCConfigurationList;
			buildConfigurations = (
				1C1274352A3D293400E6C952 /* Debug */,
				1C1274362A3D293400E6C952 /* Release */,
			);
			defaultConfigurationIsVisible = 0;
			defaultConfigurationName = Release;
		};
/* End XCConfigurationList section */

/* Begin XCRemoteSwiftPackageReference section */
		1C12743B2A3D29D800E6C952 /* XCRemoteSwiftPackageReference "SnapKit" */ = {
			isa = XCRemoteSwiftPackageReference;
			repositoryURL = "https://github.com/SnapKit/SnapKit.git";
			requirement = {
				kind = upToNextMinorVersion;
				minimumVersion = 5.6.0;
			};
		};
		1C2271B52A4FC21B001A1CE3 /* XCRemoteSwiftPackageReference "CocoaLumberjack" */ = {
			isa = XCRemoteSwiftPackageReference;
			repositoryURL = "https://github.com/CocoaLumberjack/CocoaLumberjack.git";
			requirement = {
				kind = upToNextMajorVersion;
				minimumVersion = 3.0.0;
			};
		};
/* End XCRemoteSwiftPackageReference section */

/* Begin XCSwiftPackageProductDependency section */
		1C12743C2A3D29D800E6C952 /* SnapKit */ = {
			isa = XCSwiftPackageProductDependency;
			package = 1C12743B2A3D29D800E6C952 /* XCRemoteSwiftPackageReference "SnapKit" */;
			productName = SnapKit;
		};
		1C2271B62A4FC21B001A1CE3 /* CocoaLumberjack */ = {
			isa = XCSwiftPackageProductDependency;
			package = 1C2271B52A4FC21B001A1CE3 /* XCRemoteSwiftPackageReference "CocoaLumberjack" */;
			productName = CocoaLumberjack;
		};
		1C2271B82A4FC21B001A1CE3 /* CocoaLumberjackSwift */ = {
			isa = XCSwiftPackageProductDependency;
			package = 1C2271B52A4FC21B001A1CE3 /* XCRemoteSwiftPackageReference "CocoaLumberjack" */;
			productName = CocoaLumberjackSwift;
		};
/* End XCSwiftPackageProductDependency section */
	};
	rootObject = 1C1273FC2A3D293200E6C952 /* Project object */;
}
